
Microsoft Visual Studio Solution File, Format Version 12.00
# Visual Studio Version 16
VisualStudioVersion = 16.0.29503.13
MinimumVisualStudioVersion = 10.0.40219.1
Project("{FAE04EC0-301F-11D3-BF4B-00C04F79EFBC}") = "MohitSolution", "MohitSolution\MohitSolution.csproj", "{05E4B91F-808C-4270-9DE0-B3049630CAB5}"
EndProject
Global
	GlobalSection(SolutionConfigurationPlatforms) = preSolution
		Debug|Any CPU = Debug|Any CPU
		Release|Any CPU = Release|Any CPU
	EndGlobalSection
	GlobalSection(ProjectConfigurationPlatforms) = postSolution
		{05E4B91F-808C-4270-9DE0-B3049630CAB5}.Debug|Any CPU.ActiveCfg = Debug|Any CPU
		{05E4B91F-808C-4270-9DE0-B3049630CAB5}.Debug|Any CPU.Build.0 = Debug|Any CPU
		{05E4B91F-808C-4270-9DE0-B3049630CAB5}.Release|Any CPU.ActiveCfg = Release|Any CPU
		{05E4B91F-808C-4270-9DE0-B3049630CAB5}.Release|Any CPU.Build.0 = Release|Any CPU
	EndGlobalSection
	GlobalSection(SolutionProperties) = preSolution
		HideSolutionNode = FALSE
	EndGlobalSection
	GlobalSection(ExtensibilityGlobals) = postSolution
		SolutionGuid = {CE2648A5-31BD-4136-8AFC-1A169E878509}
	EndGlobalSection
EndGlobal
